// !$*UTF8*$!
{
	archiveVersion = 1;
	classes = {
	};
	objectVersion = 50;
	objects = {

/* Begin PBXBuildFile section */
		1E2F5E112560A365002CB356 /* Follower.swift in Sources */ = {isa = PBXBuildFile; fileRef = 1E2F5E102560A365002CB356 /* Follower.swift */; };
		1E2F5E142560A46F002CB356 /* User.swift in Sources */ = {isa = PBXBuildFile; fileRef = 1E2F5E132560A46F002CB356 /* User.swift */; };
		1E2F5E182560BDA7002CB356 /* NetworkManager.swift in Sources */ = {isa = PBXBuildFile; fileRef = 1E2F5E172560BDA7002CB356 /* NetworkManager.swift */; };
		1E2F5E242560E246002CB356 /* FollowerCell.swift in Sources */ = {isa = PBXBuildFile; fileRef = 1E2F5E232560E246002CB356 /* FollowerCell.swift */; };
		1E2F5E272560E2F2002CB356 /* GFAvatarImageView.swift in Sources */ = {isa = PBXBuildFile; fileRef = 1E2F5E262560E2F2002CB356 /* GFAvatarImageView.swift */; };
		1E35783625646986006C3588 /* GFError.swift in Sources */ = {isa = PBXBuildFile; fileRef = 1E35783525646986006C3588 /* GFError.swift */; };
		1E35783925649845006C3588 /* GFUserInfoHeaderVC.swift in Sources */ = {isa = PBXBuildFile; fileRef = 1E35783825649845006C3588 /* GFUserInfoHeaderVC.swift */; };
		1E35783C256498D6006C3588 /* GFSecondaryTitleLabel.swift in Sources */ = {isa = PBXBuildFile; fileRef = 1E35783B256498D6006C3588 /* GFSecondaryTitleLabel.swift */; };
		1E35783F2564B191006C3588 /* Constants.swift in Sources */ = {isa = PBXBuildFile; fileRef = 1E35783E2564B191006C3588 /* Constants.swift */; };
		1E4960002562F2CC00B58D55 /* GFEmptyStateView.swift in Sources */ = {isa = PBXBuildFile; fileRef = 1E495FFF2562F2CC00B58D55 /* GFEmptyStateView.swift */; };
		1E49600425631DD500B58D55 /* UserInfoVC.swift in Sources */ = {isa = PBXBuildFile; fileRef = 1E49600325631DD500B58D55 /* UserInfoVC.swift */; };
		1E51B0F725604AAC003303DE /* UIViewController+Ext.swift in Sources */ = {isa = PBXBuildFile; fileRef = 1E51B0F625604AAC003303DE /* UIViewController+Ext.swift */; };
		1E7F06F02562238500630D42 /* UIHelper.swift in Sources */ = {isa = PBXBuildFile; fileRef = 1E7F06EF2562238500630D42 /* UIHelper.swift */; };
		1E9C3D26255DB6C80049151C /* AppDelegate.swift in Sources */ = {isa = PBXBuildFile; fileRef = 1E9C3D25255DB6C80049151C /* AppDelegate.swift */; };
		1E9C3D28255DB6C80049151C /* SceneDelegate.swift in Sources */ = {isa = PBXBuildFile; fileRef = 1E9C3D27255DB6C80049151C /* SceneDelegate.swift */; };
		1E9C3D2F255DB6CB0049151C /* Assets.xcassets in Resources */ = {isa = PBXBuildFile; fileRef = 1E9C3D2E255DB6CB0049151C /* Assets.xcassets */; };
		1E9C3D32255DB6CB0049151C /* LaunchScreen.storyboard in Resources */ = {isa = PBXBuildFile; fileRef = 1E9C3D30255DB6CB0049151C /* LaunchScreen.storyboard */; };
		1E9C3D42255DEC150049151C /* SearchVC.swift in Sources */ = {isa = PBXBuildFile; fileRef = 1E9C3D41255DEC150049151C /* SearchVC.swift */; };
		1E9C3D45255DECA60049151C /* FavoritesListVC.swift in Sources */ = {isa = PBXBuildFile; fileRef = 1E9C3D44255DECA60049151C /* FavoritesListVC.swift */; };
		1E9C3D4C255DF63C0049151C /* GFButton.swift in Sources */ = {isa = PBXBuildFile; fileRef = 1E9C3D4B255DF63C0049151C /* GFButton.swift */; };
		1E9C3D4F255DF9310049151C /* GFTextField.swift in Sources */ = {isa = PBXBuildFile; fileRef = 1E9C3D4E255DF9310049151C /* GFTextField.swift */; };
		1E9C3D54255E137C0049151C /* FollowerListVC.swift in Sources */ = {isa = PBXBuildFile; fileRef = 1E9C3D53255E137C0049151C /* FollowerListVC.swift */; };
		1E9C3D57255E177D0049151C /* BaseViewController.swift in Sources */ = {isa = PBXBuildFile; fileRef = 1E9C3D56255E177D0049151C /* BaseViewController.swift */; };
		1EA88BF125674FA0001CAB83 /* GFItemInfoView.swift in Sources */ = {isa = PBXBuildFile; fileRef = 1EA88BF025674FA0001CAB83 /* GFItemInfoView.swift */; };
		1EA88BF4256756E7001CAB83 /* GFItemInfoVC.swift in Sources */ = {isa = PBXBuildFile; fileRef = 1EA88BF3256756E7001CAB83 /* GFItemInfoVC.swift */; };
		1EA88BF725675A8E001CAB83 /* GFRepoItemVC.swift in Sources */ = {isa = PBXBuildFile; fileRef = 1EA88BF625675A8E001CAB83 /* GFRepoItemVC.swift */; };
		1EA88BFB25675D2E001CAB83 /* GFFollowerItemVC.swift in Sources */ = {isa = PBXBuildFile; fileRef = 1EA88BFA25675D2E001CAB83 /* GFFollowerItemVC.swift */; };
		1EB9924C255F9BEF00FBBA8E /* GFTitleLabel.swift in Sources */ = {isa = PBXBuildFile; fileRef = 1EB9924B255F9BEF00FBBA8E /* GFTitleLabel.swift */; };
		1EB9924F255F9DCC00FBBA8E /* GFBodyLabel.swift in Sources */ = {isa = PBXBuildFile; fileRef = 1EB9924E255F9DCC00FBBA8E /* GFBodyLabel.swift */; };
		1EB99252255F9EAF00FBBA8E /* GFAlertVC.swift in Sources */ = {isa = PBXBuildFile; fileRef = 1EB99251255F9EAF00FBBA8E /* GFAlertVC.swift */; };
/* End PBXBuildFile section */

/* Begin PBXFileReference section */
		1E2F5E102560A365002CB356 /* Follower.swift */ = {isa = PBXFileReference; lastKnownFileType = sourcecode.swift; path = Follower.swift; sourceTree = "<group>"; };
		1E2F5E132560A46F002CB356 /* User.swift */ = {isa = PBXFileReference; lastKnownFileType = sourcecode.swift; path = User.swift; sourceTree = "<group>"; };
		1E2F5E172560BDA7002CB356 /* NetworkManager.swift */ = {isa = PBXFileReference; lastKnownFileType = sourcecode.swift; path = NetworkManager.swift; sourceTree = "<group>"; };
		1E2F5E232560E246002CB356 /* FollowerCell.swift */ = {isa = PBXFileReference; lastKnownFileType = sourcecode.swift; path = FollowerCell.swift; sourceTree = "<group>"; };
		1E2F5E262560E2F2002CB356 /* GFAvatarImageView.swift */ = {isa = PBXFileReference; lastKnownFileType = sourcecode.swift; path = GFAvatarImageView.swift; sourceTree = "<group>"; };
		1E35783525646986006C3588 /* GFError.swift */ = {isa = PBXFileReference; lastKnownFileType = sourcecode.swift; path = GFError.swift; sourceTree = "<group>"; };
		1E35783825649845006C3588 /* GFUserInfoHeaderVC.swift */ = {isa = PBXFileReference; lastKnownFileType = sourcecode.swift; path = GFUserInfoHeaderVC.swift; sourceTree = "<group>"; };
		1E35783B256498D6006C3588 /* GFSecondaryTitleLabel.swift */ = {isa = PBXFileReference; lastKnownFileType = sourcecode.swift; path = GFSecondaryTitleLabel.swift; sourceTree = "<group>"; };
		1E35783E2564B191006C3588 /* Constants.swift */ = {isa = PBXFileReference; lastKnownFileType = sourcecode.swift; path = Constants.swift; sourceTree = "<group>"; };
		1E495FFF2562F2CC00B58D55 /* GFEmptyStateView.swift */ = {isa = PBXFileReference; lastKnownFileType = sourcecode.swift; path = GFEmptyStateView.swift; sourceTree = "<group>"; };
		1E49600325631DD500B58D55 /* UserInfoVC.swift */ = {isa = PBXFileReference; lastKnownFileType = sourcecode.swift; path = UserInfoVC.swift; sourceTree = "<group>"; };
		1E51B0F625604AAC003303DE /* UIViewController+Ext.swift */ = {isa = PBXFileReference; lastKnownFileType = sourcecode.swift; path = "UIViewController+Ext.swift"; sourceTree = "<group>"; };
		1E7F06EF2562238500630D42 /* UIHelper.swift */ = {isa = PBXFileReference; lastKnownFileType = sourcecode.swift; path = UIHelper.swift; sourceTree = "<group>"; };
		1E9C3D22255DB6C80049151C /* GithubFollowers.app */ = {isa = PBXFileReference; explicitFileType = wrapper.application; includeInIndex = 0; path = GithubFollowers.app; sourceTree = BUILT_PRODUCTS_DIR; };
		1E9C3D25255DB6C80049151C /* AppDelegate.swift */ = {isa = PBXFileReference; lastKnownFileType = sourcecode.swift; path = AppDelegate.swift; sourceTree = "<group>"; };
		1E9C3D27255DB6C80049151C /* SceneDelegate.swift */ = {isa = PBXFileReference; lastKnownFileType = sourcecode.swift; path = SceneDelegate.swift; sourceTree = "<group>"; };
		1E9C3D2E255DB6CB0049151C /* Assets.xcassets */ = {isa = PBXFileReference; lastKnownFileType = folder.assetcatalog; path = Assets.xcassets; sourceTree = "<group>"; };
		1E9C3D31255DB6CB0049151C /* Base */ = {isa = PBXFileReference; lastKnownFileType = file.storyboard; name = Base; path = Base.lproj/LaunchScreen.storyboard; sourceTree = "<group>"; };
		1E9C3D33255DB6CB0049151C /* Info.plist */ = {isa = PBXFileReference; lastKnownFileType = text.plist.xml; path = Info.plist; sourceTree = "<group>"; };
		1E9C3D41255DEC150049151C /* SearchVC.swift */ = {isa = PBXFileReference; lastKnownFileType = sourcecode.swift; path = SearchVC.swift; sourceTree = "<group>"; };
		1E9C3D44255DECA60049151C /* FavoritesListVC.swift */ = {isa = PBXFileReference; lastKnownFileType = sourcecode.swift; path = FavoritesListVC.swift; sourceTree = "<group>"; };
		1E9C3D4B255DF63C0049151C /* GFButton.swift */ = {isa = PBXFileReference; lastKnownFileType = sourcecode.swift; path = GFButton.swift; sourceTree = "<group>"; };
		1E9C3D4E255DF9310049151C /* GFTextField.swift */ = {isa = PBXFileReference; lastKnownFileType = sourcecode.swift; path = GFTextField.swift; sourceTree = "<group>"; };
		1E9C3D53255E137C0049151C /* FollowerListVC.swift */ = {isa = PBXFileReference; lastKnownFileType = sourcecode.swift; path = FollowerListVC.swift; sourceTree = "<group>"; };
		1E9C3D56255E177D0049151C /* BaseViewController.swift */ = {isa = PBXFileReference; lastKnownFileType = sourcecode.swift; path = BaseViewController.swift; sourceTree = "<group>"; };
		1EA88BF025674FA0001CAB83 /* GFItemInfoView.swift */ = {isa = PBXFileReference; lastKnownFileType = sourcecode.swift; path = GFItemInfoView.swift; sourceTree = "<group>"; };
		1EA88BF3256756E7001CAB83 /* GFItemInfoVC.swift */ = {isa = PBXFileReference; lastKnownFileType = sourcecode.swift; path = GFItemInfoVC.swift; sourceTree = "<group>"; };
		1EA88BF625675A8E001CAB83 /* GFRepoItemVC.swift */ = {isa = PBXFileReference; lastKnownFileType = sourcecode.swift; path = GFRepoItemVC.swift; sourceTree = "<group>"; };
		1EA88BFA25675D2E001CAB83 /* GFFollowerItemVC.swift */ = {isa = PBXFileReference; lastKnownFileType = sourcecode.swift; path = GFFollowerItemVC.swift; sourceTree = "<group>"; };
		1EB9924B255F9BEF00FBBA8E /* GFTitleLabel.swift */ = {isa = PBXFileReference; lastKnownFileType = sourcecode.swift; path = GFTitleLabel.swift; sourceTree = "<group>"; };
		1EB9924E255F9DCC00FBBA8E /* GFBodyLabel.swift */ = {isa = PBXFileReference; lastKnownFileType = sourcecode.swift; path = GFBodyLabel.swift; sourceTree = "<group>"; };
		1EB99251255F9EAF00FBBA8E /* GFAlertVC.swift */ = {isa = PBXFileReference; lastKnownFileType = sourcecode.swift; path = GFAlertVC.swift; sourceTree = "<group>"; };
/* End PBXFileReference section */

/* Begin PBXFrameworksBuildPhase section */
		1E9C3D1F255DB6C80049151C /* Frameworks */ = {
			isa = PBXFrameworksBuildPhase;
			buildActionMask = 2147483647;
			files = (
			);
			runOnlyForDeploymentPostprocessing = 0;
		};
/* End PBXFrameworksBuildPhase section */

/* Begin PBXGroup section */
		1E16FBA92560538600B29236 /* Support */ = {
			isa = PBXGroup;
			children = (
				1E9C3D25255DB6C80049151C /* AppDelegate.swift */,
				1E9C3D27255DB6C80049151C /* SceneDelegate.swift */,
				1E9C3D2E255DB6CB0049151C /* Assets.xcassets */,
				1E9C3D30255DB6CB0049151C /* LaunchScreen.storyboard */,
				1E9C3D56255E177D0049151C /* BaseViewController.swift */,
				1E9C3D33255DB6CB0049151C /* Info.plist */,
			);
			path = Support;
			sourceTree = "<group>";
		};
		1E2F5E0F2560A355002CB356 /* Model */ = {
			isa = PBXGroup;
			children = (
				1E2F5E102560A365002CB356 /* Follower.swift */,
				1E2F5E132560A46F002CB356 /* User.swift */,
			);
			path = Model;
			sourceTree = "<group>";
		};
		1E2F5E162560BD8E002CB356 /* Managers */ = {
			isa = PBXGroup;
			children = (
				1E2F5E172560BDA7002CB356 /* NetworkManager.swift */,
			);
			path = Managers;
			sourceTree = "<group>";
		};
		1E2F5E1A2560D5D5002CB356 /* Utilities */ = {
			isa = PBXGroup;
			children = (
				1E7F06EF2562238500630D42 /* UIHelper.swift */,
				1E35783525646986006C3588 /* GFError.swift */,
				1E35783E2564B191006C3588 /* Constants.swift */,
			);
			path = Utilities;
			sourceTree = "<group>";
		};
		1E2F5E222560E228002CB356 /* Cells */ = {
			isa = PBXGroup;
			children = (
				1E2F5E232560E246002CB356 /* FollowerCell.swift */,
			);
			path = Cells;
			sourceTree = "<group>";
		};
		1E495FF92562F23900B58D55 /* Views */ = {
			isa = PBXGroup;
			children = (
				1E495FFF2562F2CC00B58D55 /* GFEmptyStateView.swift */,
				1EA88BF025674FA0001CAB83 /* GFItemInfoView.swift */,
			);
			path = Views;
			sourceTree = "<group>";
		};
		1E495FFA2562F24300B58D55 /* Buttons */ = {
			isa = PBXGroup;
			children = (
				1E9C3D4B255DF63C0049151C /* GFButton.swift */,
			);
			path = Buttons;
			sourceTree = "<group>";
		};
		1E495FFB2562F24D00B58D55 /* TextFields */ = {
			isa = PBXGroup;
			children = (
				1E9C3D4E255DF9310049151C /* GFTextField.swift */,
			);
			path = TextFields;
			sourceTree = "<group>";
		};
		1E495FFC2562F25C00B58D55 /* ImageViews */ = {
			isa = PBXGroup;
			children = (
				1E2F5E262560E2F2002CB356 /* GFAvatarImageView.swift */,
			);
			path = ImageViews;
			sourceTree = "<group>";
		};
		1E495FFD2562F26500B58D55 /* ViewControllers */ = {
			isa = PBXGroup;
			children = (
				1EA88BFD25675D9A001CAB83 /* itemInfoVCs */,
				1EB99251255F9EAF00FBBA8E /* GFAlertVC.swift */,
				1E35783825649845006C3588 /* GFUserInfoHeaderVC.swift */,
			);
			path = ViewControllers;
			sourceTree = "<group>";
		};
		1E495FFE2562F28300B58D55 /* Labels */ = {
			isa = PBXGroup;
			children = (
				1EB9924E255F9DCC00FBBA8E /* GFBodyLabel.swift */,
				1EB9924B255F9BEF00FBBA8E /* GFTitleLabel.swift */,
				1E35783B256498D6006C3588 /* GFSecondaryTitleLabel.swift */,
			);
			path = Labels;
			sourceTree = "<group>";
		};
		1E51B0F925605240003303DE /* Screens */ = {
			isa = PBXGroup;
			children = (
				1E9C3D41255DEC150049151C /* SearchVC.swift */,
				1E9C3D44255DECA60049151C /* FavoritesListVC.swift */,
				1E9C3D53255E137C0049151C /* FollowerListVC.swift */,
				1E49600325631DD500B58D55 /* UserInfoVC.swift */,
			);
			path = Screens;
			sourceTree = "<group>";
		};
		1E51B0FA25605270003303DE /* Custom Views */ = {
			isa = PBXGroup;
			children = (
				1E495FFE2562F28300B58D55 /* Labels */,
				1E495FFD2562F26500B58D55 /* ViewControllers */,
				1E495FFC2562F25C00B58D55 /* ImageViews */,
				1E495FFB2562F24D00B58D55 /* TextFields */,
				1E495FFA2562F24300B58D55 /* Buttons */,
				1E495FF92562F23900B58D55 /* Views */,
				1E2F5E222560E228002CB356 /* Cells */,
			);
			path = "Custom Views";
			sourceTree = "<group>";
		};
		1E51B0FB256052A3003303DE /* Extensions */ = {
			isa = PBXGroup;
			children = (
				1E51B0F625604AAC003303DE /* UIViewController+Ext.swift */,
			);
			path = Extensions;
			sourceTree = "<group>";
		};
		1E9C3D19255DB6C80049151C = {
			isa = PBXGroup;
			children = (
				1E9C3D24255DB6C80049151C /* GithubFollowers */,
				1E9C3D23255DB6C80049151C /* Products */,
			);
			sourceTree = "<group>";
		};
		1E9C3D23255DB6C80049151C /* Products */ = {
			isa = PBXGroup;
			children = (
				1E9C3D22255DB6C80049151C /* GithubFollowers.app */,
			);
			name = Products;
			sourceTree = "<group>";
		};
		1E9C3D24255DB6C80049151C /* GithubFollowers */ = {
			isa = PBXGroup;
			children = (
				1E2F5E1A2560D5D5002CB356 /* Utilities */,
				1E2F5E162560BD8E002CB356 /* Managers */,
				1E2F5E0F2560A355002CB356 /* Model */,
				1E51B0FB256052A3003303DE /* Extensions */,
				1E51B0FA25605270003303DE /* Custom Views */,
				1E51B0F925605240003303DE /* Screens */,
				1E16FBA92560538600B29236 /* Support */,
			);
			path = GithubFollowers;
			sourceTree = "<group>";
		};
		1EA88BFD25675D9A001CAB83 /* itemInfoVCs */ = {
			isa = PBXGroup;
			children = (
				1EA88BF3256756E7001CAB83 /* GFItemInfoVC.swift */,
				1EA88BF625675A8E001CAB83 /* GFRepoItemVC.swift */,
				1EA88BFA25675D2E001CAB83 /* GFFollowerItemVC.swift */,
			);
			path = itemInfoVCs;
			sourceTree = "<group>";
		};
/* End PBXGroup section */

/* Begin PBXNativeTarget section */
		1E9C3D21255DB6C80049151C /* GithubFollowers */ = {
			isa = PBXNativeTarget;
			buildConfigurationList = 1E9C3D36255DB6CB0049151C /* Build configuration list for PBXNativeTarget "GithubFollowers" */;
			buildPhases = (
				1E9C3D1E255DB6C80049151C /* Sources */,
				1E9C3D1F255DB6C80049151C /* Frameworks */,
				1E9C3D20255DB6C80049151C /* Resources */,
			);
			buildRules = (
			);
			dependencies = (
			);
			name = GithubFollowers;
			productName = GithubFollowers;
			productReference = 1E9C3D22255DB6C80049151C /* GithubFollowers.app */;
			productType = "com.apple.product-type.application";
		};
/* End PBXNativeTarget section */

/* Begin PBXProject section */
		1E9C3D1A255DB6C80049151C /* Project object */ = {
			isa = PBXProject;
			attributes = {
				LastSwiftUpdateCheck = 1210;
				LastUpgradeCheck = 1210;
				TargetAttributes = {
					1E9C3D21255DB6C80049151C = {
						CreatedOnToolsVersion = 12.1;
					};
				};
			};
			buildConfigurationList = 1E9C3D1D255DB6C80049151C /* Build configuration list for PBXProject "GithubFollowers" */;
			compatibilityVersion = "Xcode 9.3";
			developmentRegion = en;
			hasScannedForEncodings = 0;
			knownRegions = (
				en,
				Base,
			);
			mainGroup = 1E9C3D19255DB6C80049151C;
			productRefGroup = 1E9C3D23255DB6C80049151C /* Products */;
			projectDirPath = "";
			projectRoot = "";
			targets = (
				1E9C3D21255DB6C80049151C /* GithubFollowers */,
			);
		};
/* End PBXProject section */

/* Begin PBXResourcesBuildPhase section */
		1E9C3D20255DB6C80049151C /* Resources */ = {
			isa = PBXResourcesBuildPhase;
			buildActionMask = 2147483647;
			files = (
				1E9C3D32255DB6CB0049151C /* LaunchScreen.storyboard in Resources */,
				1E9C3D2F255DB6CB0049151C /* Assets.xcassets in Resources */,
			);
			runOnlyForDeploymentPostprocessing = 0;
		};
/* End PBXResourcesBuildPhase section */

/* Begin PBXSourcesBuildPhase section */
		1E9C3D1E255DB6C80049151C /* Sources */ = {
			isa = PBXSourcesBuildPhase;
			buildActionMask = 2147483647;
			files = (
				1E9C3D4F255DF9310049151C /* GFTextField.swift in Sources */,
				1E9C3D45255DECA60049151C /* FavoritesListVC.swift in Sources */,
				1E51B0F725604AAC003303DE /* UIViewController+Ext.swift in Sources */,
				1E35783925649845006C3588 /* GFUserInfoHeaderVC.swift in Sources */,
				1EA88BF725675A8E001CAB83 /* GFRepoItemVC.swift in Sources */,
				1E9C3D4C255DF63C0049151C /* GFButton.swift in Sources */,
				1E9C3D42255DEC150049151C /* SearchVC.swift in Sources */,
				1E4960002562F2CC00B58D55 /* GFEmptyStateView.swift in Sources */,
				1E35783C256498D6006C3588 /* GFSecondaryTitleLabel.swift in Sources */,
				1E9C3D54255E137C0049151C /* FollowerListVC.swift in Sources */,
				1E2F5E142560A46F002CB356 /* User.swift in Sources */,
				1E35783625646986006C3588 /* GFError.swift in Sources */,
				1E2F5E242560E246002CB356 /* FollowerCell.swift in Sources */,
				1E2F5E272560E2F2002CB356 /* GFAvatarImageView.swift in Sources */,
				1EB99252255F9EAF00FBBA8E /* GFAlertVC.swift in Sources */,
				1E49600425631DD500B58D55 /* UserInfoVC.swift in Sources */,
				1E2F5E112560A365002CB356 /* Follower.swift in Sources */,
				1E9C3D57255E177D0049151C /* BaseViewController.swift in Sources */,
				1EB9924C255F9BEF00FBBA8E /* GFTitleLabel.swift in Sources */,
				1EA88BF4256756E7001CAB83 /* GFItemInfoVC.swift in Sources */,
				1EA88BFB25675D2E001CAB83 /* GFFollowerItemVC.swift in Sources */,
				1E9C3D26255DB6C80049151C /* AppDelegate.swift in Sources */,
				1E7F06F02562238500630D42 /* UIHelper.swift in Sources */,
				1E2F5E182560BDA7002CB356 /* NetworkManager.swift in Sources */,
				1E9C3D28255DB6C80049151C /* SceneDelegate.swift in Sources */,
				1EA88BF125674FA0001CAB83 /* GFItemInfoView.swift in Sources */,
				1EB9924F255F9DCC00FBBA8E /* GFBodyLabel.swift in Sources */,
				1E35783F2564B191006C3588 /* Constants.swift in Sources */,
			);
			runOnlyForDeploymentPostprocessing = 0;
		};
/* End PBXSourcesBuildPhase section */

/* Begin PBXVariantGroup section */
		1E9C3D30255DB6CB0049151C /* LaunchScreen.storyboard */ = {
			isa = PBXVariantGroup;
			children = (
				1E9C3D31255DB6CB0049151C /* Base */,
			);
			name = LaunchScreen.storyboard;
			sourceTree = "<group>";
		};
/* End PBXVariantGroup section */

/* Begin XCBuildConfiguration section */
		1E9C3D34255DB6CB0049151C /* Debug */ = {
			isa = XCBuildConfiguration;
			buildSettings = {
				ALWAYS_SEARCH_USER_PATHS = NO;
				CLANG_ANALYZER_NONNULL = YES;
				CLANG_ANALYZER_NUMBER_OBJECT_CONVERSION = YES_AGGRESSIVE;
				CLANG_CXX_LANGUAGE_STANDARD = "gnu++14";
				CLANG_CXX_LIBRARY = "libc++";
				CLANG_ENABLE_MODULES = YES;
				CLANG_ENABLE_OBJC_ARC = YES;
				CLANG_ENABLE_OBJC_WEAK = YES;
				CLANG_WARN_BLOCK_CAPTURE_AUTORELEASING = YES;
				CLANG_WARN_BOOL_CONVERSION = YES;
				CLANG_WARN_COMMA = YES;
				CLANG_WARN_CONSTANT_CONVERSION = YES;
				CLANG_WARN_DEPRECATED_OBJC_IMPLEMENTATIONS = YES;
				CLANG_WARN_DIRECT_OBJC_ISA_USAGE = YES_ERROR;
				CLANG_WARN_DOCUMENTATION_COMMENTS = YES;
				CLANG_WARN_EMPTY_BODY = YES;
				CLANG_WARN_ENUM_CONVERSION = YES;
				CLANG_WARN_INFINITE_RECURSION = YES;
				CLANG_WARN_INT_CONVERSION = YES;
				CLANG_WARN_NON_LITERAL_NULL_CONVERSION = YES;
				CLANG_WARN_OBJC_IMPLICIT_RETAIN_SELF = YES;
				CLANG_WARN_OBJC_LITERAL_CONVERSION = YES;
				CLANG_WARN_OBJC_ROOT_CLASS = YES_ERROR;
				CLANG_WARN_QUOTED_INCLUDE_IN_FRAMEWORK_HEADER = YES;
				CLANG_WARN_RANGE_LOOP_ANALYSIS = YES;
				CLANG_WARN_STRICT_PROTOTYPES = YES;
				CLANG_WARN_SUSPICIOUS_MOVE = YES;
				CLANG_WARN_UNGUARDED_AVAILABILITY = YES_AGGRESSIVE;
				CLANG_WARN_UNREACHABLE_CODE = YES;
				CLANG_WARN__DUPLICATE_METHOD_MATCH = YES;
				COPY_PHASE_STRIP = NO;
				DEBUG_INFORMATION_FORMAT = dwarf;
				ENABLE_STRICT_OBJC_MSGSEND = YES;
				ENABLE_TESTABILITY = YES;
				GCC_C_LANGUAGE_STANDARD = gnu11;
				GCC_DYNAMIC_NO_PIC = NO;
				GCC_NO_COMMON_BLOCKS = YES;
				GCC_OPTIMIZATION_LEVEL = 0;
				GCC_PREPROCESSOR_DEFINITIONS = (
					"DEBUG=1",
					"$(inherited)",
				);
				GCC_WARN_64_TO_32_BIT_CONVERSION = YES;
				GCC_WARN_ABOUT_RETURN_TYPE = YES_ERROR;
				GCC_WARN_UNDECLARED_SELECTOR = YES;
				GCC_WARN_UNINITIALIZED_AUTOS = YES_AGGRESSIVE;
				GCC_WARN_UNUSED_FUNCTION = YES;
				GCC_WARN_UNUSED_VARIABLE = YES;
				IPHONEOS_DEPLOYMENT_TARGET = 14.1;
				MTL_ENABLE_DEBUG_INFO = INCLUDE_SOURCE;
				MTL_FAST_MATH = YES;
				ONLY_ACTIVE_ARCH = YES;
				SDKROOT = iphoneos;
				SWIFT_ACTIVE_COMPILATION_CONDITIONS = DEBUG;
				SWIFT_OPTIMIZATION_LEVEL = "-Onone";
			};
			name = Debug;
		};
		1E9C3D35255DB6CB0049151C /* Release */ = {
			isa = XCBuildConfiguration;
			buildSettings = {
				ALWAYS_SEARCH_USER_PATHS = NO;
				CLANG_ANALYZER_NONNULL = YES;
				CLANG_ANALYZER_NUMBER_OBJECT_CONVERSION = YES_AGGRESSIVE;
				CLANG_CXX_LANGUAGE_STANDARD = "gnu++14";
				CLANG_CXX_LIBRARY = "libc++";
				CLANG_ENABLE_MODULES = YES;
				CLANG_ENABLE_OBJC_ARC = YES;
				CLANG_ENABLE_OBJC_WEAK = YES;
				CLANG_WARN_BLOCK_CAPTURE_AUTORELEASING = YES;
				CLANG_WARN_BOOL_CONVERSION = YES;
				CLANG_WARN_COMMA = YES;
				CLANG_WARN_CONSTANT_CONVERSION = YES;
				CLANG_WARN_DEPRECATED_OBJC_IMPLEMENTATIONS = YES;
				CLANG_WARN_DIRECT_OBJC_ISA_USAGE = YES_ERROR;
				CLANG_WARN_DOCUMENTATION_COMMENTS = YES;
				CLANG_WARN_EMPTY_BODY = YES;
				CLANG_WARN_ENUM_CONVERSION = YES;
				CLANG_WARN_INFINITE_RECURSION = YES;
				CLANG_WARN_INT_CONVERSION = YES;
				CLANG_WARN_NON_LITERAL_NULL_CONVERSION = YES;
				CLANG_WARN_OBJC_IMPLICIT_RETAIN_SELF = YES;
				CLANG_WARN_OBJC_LITERAL_CONVERSION = YES;
				CLANG_WARN_OBJC_ROOT_CLASS = YES_ERROR;
				CLANG_WARN_QUOTED_INCLUDE_IN_FRAMEWORK_HEADER = YES;
				CLANG_WARN_RANGE_LOOP_ANALYSIS = YES;
				CLANG_WARN_STRICT_PROTOTYPES = YES;
				CLANG_WARN_SUSPICIOUS_MOVE = YES;
				CLANG_WARN_UNGUARDED_AVAILABILITY = YES_AGGRESSIVE;
				CLANG_WARN_UNREACHABLE_CODE = YES;
				CLANG_WARN__DUPLICATE_METHOD_MATCH = YES;
				COPY_PHASE_STRIP = NO;
				DEBUG_INFORMATION_FORMAT = "dwarf-with-dsym";
				ENABLE_NS_ASSERTIONS = NO;
				ENABLE_STRICT_OBJC_MSGSEND = YES;
				GCC_C_LANGUAGE_STANDARD = gnu11;
				GCC_NO_COMMON_BLOCKS = YES;
				GCC_WARN_64_TO_32_BIT_CONVERSION = YES;
				GCC_WARN_ABOUT_RETURN_TYPE = YES_ERROR;
				GCC_WARN_UNDECLARED_SELECTOR = YES;
				GCC_WARN_UNINITIALIZED_AUTOS = YES_AGGRESSIVE;
				GCC_WARN_UNUSED_FUNCTION = YES;
				GCC_WARN_UNUSED_VARIABLE = YES;
				IPHONEOS_DEPLOYMENT_TARGET = 14.1;
				MTL_ENABLE_DEBUG_INFO = NO;
				MTL_FAST_MATH = YES;
				SDKROOT = iphoneos;
				SWIFT_COMPILATION_MODE = wholemodule;
				SWIFT_OPTIMIZATION_LEVEL = "-O";
				VALIDATE_PRODUCT = YES;
			};
			name = Release;
		};
		1E9C3D37255DB6CB0049151C /* Debug */ = {
			isa = XCBuildConfiguration;
			buildSettings = {
				ASSETCATALOG_COMPILER_APPICON_NAME = AppIcon;
				ASSETCATALOG_COMPILER_GLOBAL_ACCENT_COLOR_NAME = AccentColor;
				CODE_SIGN_STYLE = Automatic;
				INFOPLIST_FILE = GithubFollowers/Support/Info.plist;
				LD_RUNPATH_SEARCH_PATHS = (
					"$(inherited)",
					"@executable_path/Frameworks",
				);
				PRODUCT_BUNDLE_IDENTIFIER = "github.com-rvsantos.GithubFollowers";
				PRODUCT_NAME = "$(TARGET_NAME)";
				SWIFT_VERSION = 5.0;
				TARGETED_DEVICE_FAMILY = 1;
			};
			name = Debug;
		};
		1E9C3D38255DB6CB0049151C /* Release */ = {
			isa = XCBuildConfiguration;
			buildSettings = {
				ASSETCATALOG_COMPILER_APPICON_NAME = AppIcon;
				ASSETCATALOG_COMPILER_GLOBAL_ACCENT_COLOR_NAME = AccentColor;
				CODE_SIGN_STYLE = Automatic;
				INFOPLIST_FILE = GithubFollowers/Support/Info.plist;
				LD_RUNPATH_SEARCH_PATHS = (
					"$(inherited)",
					"@executable_path/Frameworks",
				);
				PRODUCT_BUNDLE_IDENTIFIER = "github.com-rvsantos.GithubFollowers";
				PRODUCT_NAME = "$(TARGET_NAME)";
				SWIFT_VERSION = 5.0;
				TARGETED_DEVICE_FAMILY = 1;
			};
			name = Release;
		};
/* End XCBuildConfiguration section */

/* Begin XCConfigurationList section */
		1E9C3D1D255DB6C80049151C /* Build configuration list for PBXProject "GithubFollowers" */ = {
			isa = XCConfigurationList;
			buildConfigurations = (
				1E9C3D34255DB6CB0049151C /* Debug */,
				1E9C3D35255DB6CB0049151C /* Release */,
			);
			defaultConfigurationIsVisible = 0;
			defaultConfigurationName = Release;
		};
		1E9C3D36255DB6CB0049151C /* Build configuration list for PBXNativeTarget "GithubFollowers" */ = {
			isa = XCConfigurationList;
			buildConfigurations = (
				1E9C3D37255DB6CB0049151C /* Debug */,
				1E9C3D38255DB6CB0049151C /* Release */,
			);
			defaultConfigurationIsVisible = 0;
			defaultConfigurationName = Release;
		};
/* End XCConfigurationList section */
	};
	rootObject = 1E9C3D1A255DB6C80049151C /* Project object */;
}
